// !$*UTF8*$!
{
	archiveVersion = 1;
	classes = {
	};
	objectVersion = 56;
	objects = {

/* Begin PBXBuildFile section */
		EBC625EC29D31BFD00828166 /* AppDelegate.swift in Sources */ = {isa = PBXBuildFile; fileRef = EBC625EB29D31BFD00828166 /* AppDelegate.swift */; };
		EBC625F029D31BFD00828166 /* ViewController.swift in Sources */ = {isa = PBXBuildFile; fileRef = EBC625EF29D31BFD00828166 /* ViewController.swift */; };
		EBC625F529D31BFE00828166 /* Assets.xcassets in Resources */ = {isa = PBXBuildFile; fileRef = EBC625F429D31BFE00828166 /* Assets.xcassets */; };
		EBC625F829D31BFE00828166 /* LaunchScreen.storyboard in Resources */ = {isa = PBXBuildFile; fileRef = EBC625F629D31BFE00828166 /* LaunchScreen.storyboard */; };
		EBC6260D29D31FB700828166 /* Roboto-Regular.ttf in Resources */ = {isa = PBXBuildFile; fileRef = EBC6260129D31FB700828166 /* Roboto-Regular.ttf */; };
		EBC6260E29D31FB700828166 /* Roboto-Italic.ttf in Resources */ = {isa = PBXBuildFile; fileRef = EBC6260229D31FB700828166 /* Roboto-Italic.ttf */; };
		EBC6260F29D31FB700828166 /* Roboto-Thin.ttf in Resources */ = {isa = PBXBuildFile; fileRef = EBC6260329D31FB700828166 /* Roboto-Thin.ttf */; };
		EBC6261029D31FB700828166 /* Roboto-BoldItalic.ttf in Resources */ = {isa = PBXBuildFile; fileRef = EBC6260429D31FB700828166 /* Roboto-BoldItalic.ttf */; };
		EBC6261129D31FB700828166 /* Roboto-LightItalic.ttf in Resources */ = {isa = PBXBuildFile; fileRef = EBC6260529D31FB700828166 /* Roboto-LightItalic.ttf */; };
		EBC6261229D31FB700828166 /* Roboto-Black.ttf in Resources */ = {isa = PBXBuildFile; fileRef = EBC6260629D31FB700828166 /* Roboto-Black.ttf */; };
		EBC6261329D31FB700828166 /* Roboto-Bold.ttf in Resources */ = {isa = PBXBuildFile; fileRef = EBC6260729D31FB700828166 /* Roboto-Bold.ttf */; };
		EBC6261429D31FB700828166 /* Roboto-BlackItalic.ttf in Resources */ = {isa = PBXBuildFile; fileRef = EBC6260829D31FB700828166 /* Roboto-BlackItalic.ttf */; };
		EBC6261529D31FB700828166 /* Roboto-Light.ttf in Resources */ = {isa = PBXBuildFile; fileRef = EBC6260929D31FB700828166 /* Roboto-Light.ttf */; };
		EBC6261629D31FB700828166 /* Roboto-Medium.ttf in Resources */ = {isa = PBXBuildFile; fileRef = EBC6260A29D31FB700828166 /* Roboto-Medium.ttf */; };
		EBC6261729D31FB700828166 /* Roboto-MediumItalic.ttf in Resources */ = {isa = PBXBuildFile; fileRef = EBC6260B29D31FB700828166 /* Roboto-MediumItalic.ttf */; };
		EBC6261829D31FB700828166 /* Roboto-ThinItalic.ttf in Resources */ = {isa = PBXBuildFile; fileRef = EBC6260C29D31FB700828166 /* Roboto-ThinItalic.ttf */; };
/* End PBXBuildFile section */

/* Begin PBXFileReference section */
		EBC625E829D31BFD00828166 /* testChat.app */ = {isa = PBXFileReference; explicitFileType = wrapper.application; includeInIndex = 0; path = testChat.app; sourceTree = BUILT_PRODUCTS_DIR; };
		EBC625EB29D31BFD00828166 /* AppDelegate.swift */ = {isa = PBXFileReference; lastKnownFileType = sourcecode.swift; path = AppDelegate.swift; sourceTree = "<group>"; };
		EBC625EF29D31BFD00828166 /* ViewController.swift */ = {isa = PBXFileReference; lastKnownFileType = sourcecode.swift; path = ViewController.swift; sourceTree = "<group>"; };
		EBC625F429D31BFE00828166 /* Assets.xcassets */ = {isa = PBXFileReference; lastKnownFileType = folder.assetcatalog; path = Assets.xcassets; sourceTree = "<group>"; };
		EBC625F729D31BFE00828166 /* Base */ = {isa = PBXFileReference; lastKnownFileType = file.storyboard; name = Base; path = Base.lproj/LaunchScreen.storyboard; sourceTree = "<group>"; };
		EBC625F929D31BFE00828166 /* Info.plist */ = {isa = PBXFileReference; lastKnownFileType = text.plist.xml; path = Info.plist; sourceTree = "<group>"; };
		EBC6260129D31FB700828166 /* Roboto-Regular.ttf */ = {isa = PBXFileReference; lastKnownFileType = file; path = "Roboto-Regular.ttf"; sourceTree = "<group>"; };
		EBC6260229D31FB700828166 /* Roboto-Italic.ttf */ = {isa = PBXFileReference; lastKnownFileType = file; path = "Roboto-Italic.ttf"; sourceTree = "<group>"; };
		EBC6260329D31FB700828166 /* Roboto-Thin.ttf */ = {isa = PBXFileReference; lastKnownFileType = file; path = "Roboto-Thin.ttf"; sourceTree = "<group>"; };
		EBC6260429D31FB700828166 /* Roboto-BoldItalic.ttf */ = {isa = PBXFileReference; lastKnownFileType = file; path = "Roboto-BoldItalic.ttf"; sourceTree = "<group>"; };
		EBC6260529D31FB700828166 /* Roboto-LightItalic.ttf */ = {isa = PBXFileReference; lastKnownFileType = file; path = "Roboto-LightItalic.ttf"; sourceTree = "<group>"; };
		EBC6260629D31FB700828166 /* Roboto-Black.ttf */ = {isa = PBXFileReference; lastKnownFileType = file; path = "Roboto-Black.ttf"; sourceTree = "<group>"; };
		EBC6260729D31FB700828166 /* Roboto-Bold.ttf */ = {isa = PBXFileReference; lastKnownFileType = file; path = "Roboto-Bold.ttf"; sourceTree = "<group>"; };
		EBC6260829D31FB700828166 /* Roboto-BlackItalic.ttf */ = {isa = PBXFileReference; lastKnownFileType = file; path = "Roboto-BlackItalic.ttf"; sourceTree = "<group>"; };
		EBC6260929D31FB700828166 /* Roboto-Light.ttf */ = {isa = PBXFileReference; lastKnownFileType = file; path = "Roboto-Light.ttf"; sourceTree = "<group>"; };
		EBC6260A29D31FB700828166 /* Roboto-Medium.ttf */ = {isa = PBXFileReference; lastKnownFileType = file; path = "Roboto-Medium.ttf"; sourceTree = "<group>"; };
		EBC6260B29D31FB700828166 /* Roboto-MediumItalic.ttf */ = {isa = PBXFileReference; lastKnownFileType = file; path = "Roboto-MediumItalic.ttf"; sourceTree = "<group>"; };
		EBC6260C29D31FB700828166 /* Roboto-ThinItalic.ttf */ = {isa = PBXFileReference; lastKnownFileType = file; path = "Roboto-ThinItalic.ttf"; sourceTree = "<group>"; };
/* End PBXFileReference section */

/* Begin PBXFrameworksBuildPhase section */
		EBC625E529D31BFD00828166 /* Frameworks */ = {
			isa = PBXFrameworksBuildPhase;
			buildActionMask = 2147483647;
			files = (
			);
			runOnlyForDeploymentPostprocessing = 0;
		};
/* End PBXFrameworksBuildPhase section */

/* Begin PBXGroup section */
		EBC625DF29D31BFD00828166 = {
			isa = PBXGroup;
			children = (
				EBC625EA29D31BFD00828166 /* testChat */,
				EBC625E929D31BFD00828166 /* Products */,
			);
			sourceTree = "<group>";
		};
		EBC625E929D31BFD00828166 /* Products */ = {
			isa = PBXGroup;
			children = (
				EBC625E829D31BFD00828166 /* testChat.app */,
			);
			name = Products;
			sourceTree = "<group>";
		};
		EBC625EA29D31BFD00828166 /* testChat */ = {
			isa = PBXGroup;
			children = (
				EBC625EB29D31BFD00828166 /* AppDelegate.swift */,
				EBC625EF29D31BFD00828166 /* ViewController.swift */,
				EBC625FF29D31E4A00828166 /* Resources */,
			);
			path = testChat;
			sourceTree = "<group>";
		};
		EBC625FF29D31E4A00828166 /* Resources */ = {
			isa = PBXGroup;
			children = (
				EBC6260029D31F7C00828166 /* Fonts */,
				EBC625F429D31BFE00828166 /* Assets.xcassets */,
				EBC625F629D31BFE00828166 /* LaunchScreen.storyboard */,
				EBC625F929D31BFE00828166 /* Info.plist */,
			);
			path = Resources;
			sourceTree = "<group>";
		};
		EBC6260029D31F7C00828166 /* Fonts */ = {
			isa = PBXGroup;
			children = (
				EBC6260629D31FB700828166 /* Roboto-Black.ttf */,
				EBC6260829D31FB700828166 /* Roboto-BlackItalic.ttf */,
				EBC6260729D31FB700828166 /* Roboto-Bold.ttf */,
				EBC6260429D31FB700828166 /* Roboto-BoldItalic.ttf */,
				EBC6260229D31FB700828166 /* Roboto-Italic.ttf */,
				EBC6260929D31FB700828166 /* Roboto-Light.ttf */,
				EBC6260529D31FB700828166 /* Roboto-LightItalic.ttf */,
				EBC6260A29D31FB700828166 /* Roboto-Medium.ttf */,
				EBC6260B29D31FB700828166 /* Roboto-MediumItalic.ttf */,
				EBC6260129D31FB700828166 /* Roboto-Regular.ttf */,
				EBC6260329D31FB700828166 /* Roboto-Thin.ttf */,
				EBC6260C29D31FB700828166 /* Roboto-ThinItalic.ttf */,
			);
			path = Fonts;
			sourceTree = "<group>";
		};
/* End PBXGroup section */

/* Begin PBXNativeTarget section */
		EBC625E729D31BFD00828166 /* testChat */ = {
			isa = PBXNativeTarget;
			buildConfigurationList = EBC625FC29D31BFE00828166 /* Build configuration list for PBXNativeTarget "testChat" */;
			buildPhases = (
				EBC625E429D31BFD00828166 /* Sources */,
				EBC625E529D31BFD00828166 /* Frameworks */,
				EBC625E629D31BFD00828166 /* Resources */,
			);
			buildRules = (
			);
			dependencies = (
			);
			name = testChat;
			productName = testChat;
			productReference = EBC625E829D31BFD00828166 /* testChat.app */;
			productType = "com.apple.product-type.application";
		};
/* End PBXNativeTarget section */

/* Begin PBXProject section */
		EBC625E029D31BFD00828166 /* Project object */ = {
			isa = PBXProject;
			attributes = {
				BuildIndependentTargetsInParallel = 1;
				LastSwiftUpdateCheck = 1420;
				LastUpgradeCheck = 1420;
				TargetAttributes = {
					EBC625E729D31BFD00828166 = {
						CreatedOnToolsVersion = 14.2;
					};
				};
			};
			buildConfigurationList = EBC625E329D31BFD00828166 /* Build configuration list for PBXProject "testChat" */;
			compatibilityVersion = "Xcode 14.0";
			developmentRegion = en;
			hasScannedForEncodings = 0;
			knownRegions = (
				en,
				Base,
			);
			mainGroup = EBC625DF29D31BFD00828166;
			productRefGroup = EBC625E929D31BFD00828166 /* Products */;
			projectDirPath = "";
			projectRoot = "";
			targets = (
				EBC625E729D31BFD00828166 /* testChat */,
			);
		};
/* End PBXProject section */

/* Begin PBXResourcesBuildPhase section */
		EBC625E629D31BFD00828166 /* Resources */ = {
			isa = PBXResourcesBuildPhase;
			buildActionMask = 2147483647;
			files = (
				EBC6261029D31FB700828166 /* Roboto-BoldItalic.ttf in Resources */,
				EBC6260D29D31FB700828166 /* Roboto-Regular.ttf in Resources */,
				EBC6261729D31FB700828166 /* Roboto-MediumItalic.ttf in Resources */,
				EBC6261129D31FB700828166 /* Roboto-LightItalic.ttf in Resources */,
				EBC6261529D31FB700828166 /* Roboto-Light.ttf in Resources */,
				EBC6261229D31FB700828166 /* Roboto-Black.ttf in Resources */,
				EBC6260E29D31FB700828166 /* Roboto-Italic.ttf in Resources */,
				EBC6261329D31FB700828166 /* Roboto-Bold.ttf in Resources */,
				EBC625F829D31BFE00828166 /* LaunchScreen.storyboard in Resources */,
				EBC6261629D31FB700828166 /* Roboto-Medium.ttf in Resources */,
				EBC6261829D31FB700828166 /* Roboto-ThinItalic.ttf in Resources */,
				EBC6261429D31FB700828166 /* Roboto-BlackItalic.ttf in Resources */,
				EBC6260F29D31FB700828166 /* Roboto-Thin.ttf in Resources */,
				EBC625F529D31BFE00828166 /* Assets.xcassets in Resources */,
			);
			runOnlyForDeploymentPostprocessing = 0;
		};
/* End PBXResourcesBuildPhase section */

/* Begin PBXSourcesBuildPhase section */
		EBC625E429D31BFD00828166 /* Sources */ = {
			isa = PBXSourcesBuildPhase;
			buildActionMask = 2147483647;
			files = (
				EBC625F029D31BFD00828166 /* ViewController.swift in Sources */,
				EBC625EC29D31BFD00828166 /* AppDelegate.swift in Sources */,
			);
			runOnlyForDeploymentPostprocessing = 0;
		};
/* End PBXSourcesBuildPhase section */

/* Begin PBXVariantGroup section */
		EBC625F629D31BFE00828166 /* LaunchScreen.storyboard */ = {
			isa = PBXVariantGroup;
			children = (
				EBC625F729D31BFE00828166 /* Base */,
			);
			name = LaunchScreen.storyboard;
			sourceTree = "<group>";
		};
/* End PBXVariantGroup section */

/* Begin XCBuildConfiguration section */
		EBC625FA29D31BFE00828166 /* Debug */ = {
			isa = XCBuildConfiguration;
			buildSettings = {
				ALWAYS_SEARCH_USER_PATHS = NO;
				CLANG_ANALYZER_NONNULL = YES;
				CLANG_ANALYZER_NUMBER_OBJECT_CONVERSION = YES_AGGRESSIVE;
				CLANG_CXX_LANGUAGE_STANDARD = "gnu++20";
				CLANG_ENABLE_MODULES = YES;
				CLANG_ENABLE_OBJC_ARC = YES;
				CLANG_ENABLE_OBJC_WEAK = YES;
				CLANG_WARN_BLOCK_CAPTURE_AUTORELEASING = YES;
				CLANG_WARN_BOOL_CONVERSION = YES;
				CLANG_WARN_COMMA = YES;
				CLANG_WARN_CONSTANT_CONVERSION = YES;
				CLANG_WARN_DEPRECATED_OBJC_IMPLEMENTATIONS = YES;
				CLANG_WARN_DIRECT_OBJC_ISA_USAGE = YES_ERROR;
				CLANG_WARN_DOCUMENTATION_COMMENTS = YES;
				CLANG_WARN_EMPTY_BODY = YES;
				CLANG_WARN_ENUM_CONVERSION = YES;
				CLANG_WARN_INFINITE_RECURSION = YES;
				CLANG_WARN_INT_CONVERSION = YES;
				CLANG_WARN_NON_LITERAL_NULL_CONVERSION = YES;
				CLANG_WARN_OBJC_IMPLICIT_RETAIN_SELF = YES;
				CLANG_WARN_OBJC_LITERAL_CONVERSION = YES;
				CLANG_WARN_OBJC_ROOT_CLASS = YES_ERROR;
				CLANG_WARN_QUOTED_INCLUDE_IN_FRAMEWORK_HEADER = YES;
				CLANG_WARN_RANGE_LOOP_ANALYSIS = YES;
				CLANG_WARN_STRICT_PROTOTYPES = YES;
				CLANG_WARN_SUSPICIOUS_MOVE = YES;
				CLANG_WARN_UNGUARDED_AVAILABILITY = YES_AGGRESSIVE;
				CLANG_WARN_UNREACHABLE_CODE = YES;
				CLANG_WARN__DUPLICATE_METHOD_MATCH = YES;
				COPY_PHASE_STRIP = NO;
				DEBUG_INFORMATION_FORMAT = dwarf;
				ENABLE_STRICT_OBJC_MSGSEND = YES;
				ENABLE_TESTABILITY = YES;
				GCC_C_LANGUAGE_STANDARD = gnu11;
				GCC_DYNAMIC_NO_PIC = NO;
				GCC_NO_COMMON_BLOCKS = YES;
				GCC_OPTIMIZATION_LEVEL = 0;
				GCC_PREPROCESSOR_DEFINITIONS = (
					"DEBUG=1",
					"$(inherited)",
				);
				GCC_WARN_64_TO_32_BIT_CONVERSION = YES;
				GCC_WARN_ABOUT_RETURN_TYPE = YES_ERROR;
				GCC_WARN_UNDECLARED_SELECTOR = YES;
				GCC_WARN_UNINITIALIZED_AUTOS = YES_AGGRESSIVE;
				GCC_WARN_UNUSED_FUNCTION = YES;
				GCC_WARN_UNUSED_VARIABLE = YES;
				IPHONEOS_DEPLOYMENT_TARGET = 16.2;
				MTL_ENABLE_DEBUG_INFO = INCLUDE_SOURCE;
				MTL_FAST_MATH = YES;
				ONLY_ACTIVE_ARCH = YES;
				SDKROOT = iphoneos;
				SWIFT_ACTIVE_COMPILATION_CONDITIONS = DEBUG;
				SWIFT_OPTIMIZATION_LEVEL = "-Onone";
			};
			name = Debug;
		};
		EBC625FB29D31BFE00828166 /* Release */ = {
			isa = XCBuildConfiguration;
			buildSettings = {
				ALWAYS_SEARCH_USER_PATHS = NO;
				CLANG_ANALYZER_NONNULL = YES;
				CLANG_ANALYZER_NUMBER_OBJECT_CONVERSION = YES_AGGRESSIVE;
				CLANG_CXX_LANGUAGE_STANDARD = "gnu++20";
				CLANG_ENABLE_MODULES = YES;
				CLANG_ENABLE_OBJC_ARC = YES;
				CLANG_ENABLE_OBJC_WEAK = YES;
				CLANG_WARN_BLOCK_CAPTURE_AUTORELEASING = YES;
				CLANG_WARN_BOOL_CONVERSION = YES;
				CLANG_WARN_COMMA = YES;
				CLANG_WARN_CONSTANT_CONVERSION = YES;
				CLANG_WARN_DEPRECATED_OBJC_IMPLEMENTATIONS = YES;
				CLANG_WARN_DIRECT_OBJC_ISA_USAGE = YES_ERROR;
				CLANG_WARN_DOCUMENTATION_COMMENTS = YES;
				CLANG_WARN_EMPTY_BODY = YES;
				CLANG_WARN_ENUM_CONVERSION = YES;
				CLANG_WARN_INFINITE_RECURSION = YES;
				CLANG_WARN_INT_CONVERSION = YES;
				CLANG_WARN_NON_LITERAL_NULL_CONVERSION = YES;
				CLANG_WARN_OBJC_IMPLICIT_RETAIN_SELF = YES;
				CLANG_WARN_OBJC_LITERAL_CONVERSION = YES;
				CLANG_WARN_OBJC_ROOT_CLASS = YES_ERROR;
				CLANG_WARN_QUOTED_INCLUDE_IN_FRAMEWORK_HEADER = YES;
				CLANG_WARN_RANGE_LOOP_ANALYSIS = YES;
				CLANG_WARN_STRICT_PROTOTYPES = YES;
				CLANG_WARN_SUSPICIOUS_MOVE = YES;
				CLANG_WARN_UNGUARDED_AVAILABILITY = YES_AGGRESSIVE;
				CLANG_WARN_UNREACHABLE_CODE = YES;
				CLANG_WARN__DUPLICATE_METHOD_MATCH = YES;
				COPY_PHASE_STRIP = NO;
				DEBUG_INFORMATION_FORMAT = "dwarf-with-dsym";
				ENABLE_NS_ASSERTIONS = NO;
				ENABLE_STRICT_OBJC_MSGSEND = YES;
				GCC_C_LANGUAGE_STANDARD = gnu11;
				GCC_NO_COMMON_BLOCKS = YES;
				GCC_WARN_64_TO_32_BIT_CONVERSION = YES;
				GCC_WARN_ABOUT_RETURN_TYPE = YES_ERROR;
				GCC_WARN_UNDECLARED_SELECTOR = YES;
				GCC_WARN_UNINITIALIZED_AUTOS = YES_AGGRESSIVE;
				GCC_WARN_UNUSED_FUNCTION = YES;
				GCC_WARN_UNUSED_VARIABLE = YES;
				IPHONEOS_DEPLOYMENT_TARGET = 16.2;
				MTL_ENABLE_DEBUG_INFO = NO;
				MTL_FAST_MATH = YES;
				SDKROOT = iphoneos;
				SWIFT_COMPILATION_MODE = wholemodule;
				SWIFT_OPTIMIZATION_LEVEL = "-O";
				VALIDATE_PRODUCT = YES;
			};
			name = Release;
		};
		EBC625FD29D31BFE00828166 /* Debug */ = {
			isa = XCBuildConfiguration;
			buildSettings = {
				ASSETCATALOG_COMPILER_APPICON_NAME = AppIcon;
				ASSETCATALOG_COMPILER_GLOBAL_ACCENT_COLOR_NAME = AccentColor;
				CODE_SIGN_STYLE = Automatic;
				CURRENT_PROJECT_VERSION = 1;
				DEVELOPMENT_TEAM = N64BNPUBV4;
				GENERATE_INFOPLIST_FILE = YES;
				INFOPLIST_FILE = testChat/Resources/Info.plist;
				INFOPLIST_KEY_UIApplicationSupportsIndirectInputEvents = YES;
				INFOPLIST_KEY_UILaunchStoryboardName = LaunchScreen;
				INFOPLIST_KEY_UISupportedInterfaceOrientations = UIInterfaceOrientationPortrait;
				INFOPLIST_KEY_UISupportedInterfaceOrientations_iPad = "UIInterfaceOrientationLandscapeLeft UIInterfaceOrientationLandscapeRight UIInterfaceOrientationPortrait UIInterfaceOrientationPortraitUpsideDown";
				IPHONEOS_DEPLOYMENT_TARGET = 14.0;
				LD_RUNPATH_SEARCH_PATHS = (
					"$(inherited)",
					"@executable_path/Frameworks",
				);
				MARKETING_VERSION = 1.0;
				PRODUCT_BUNDLE_IDENTIFIER = novex.testChat;
				PRODUCT_NAME = "$(TARGET_NAME)";
				SUPPORTED_PLATFORMS = "iphoneos iphonesimulator";
				SUPPORTS_MACCATALYST = NO;
				SUPPORTS_MAC_DESIGNED_FOR_IPHONE_IPAD = NO;
				SWIFT_EMIT_LOC_STRINGS = YES;
				SWIFT_VERSION = 5.0;
				TARGETED_DEVICE_FAMILY = 1;
			};
			name = Debug;
		};
		EBC625FE29D31BFE00828166 /* Release */ = {
			isa = XCBuildConfiguration;
			buildSettings = {
				ASSETCATALOG_COMPILER_APPICON_NAME = AppIcon;
				ASSETCATALOG_COMPILER_GLOBAL_ACCENT_COLOR_NAME = AccentColor;
				CODE_SIGN_STYLE = Automatic;
				CURRENT_PROJECT_VERSION = 1;
				DEVELOPMENT_TEAM = N64BNPUBV4;
				GENERATE_INFOPLIST_FILE = YES;
				INFOPLIST_FILE = testChat/Resources/Info.plist;
				INFOPLIST_KEY_UIApplicationSupportsIndirectInputEvents = YES;
				INFOPLIST_KEY_UILaunchStoryboardName = LaunchScreen;
				INFOPLIST_KEY_UISupportedInterfaceOrientations = UIInterfaceOrientationPortrait;
				INFOPLIST_KEY_UISupportedInterfaceOrientations_iPad = "UIInterfaceOrientationLandscapeLeft UIInterfaceOrientationLandscapeRight UIInterfaceOrientationPortrait UIInterfaceOrientationPortraitUpsideDown";
				IPHONEOS_DEPLOYMENT_TARGET = 14.0;
				LD_RUNPATH_SEARCH_PATHS = (
					"$(inherited)",
					"@executable_path/Frameworks",
				);
				MARKETING_VERSION = 1.0;
				PRODUCT_BUNDLE_IDENTIFIER = novex.testChat;
				PRODUCT_NAME = "$(TARGET_NAME)";
				SUPPORTED_PLATFORMS = "iphoneos iphonesimulator";
				SUPPORTS_MACCATALYST = NO;
				SUPPORTS_MAC_DESIGNED_FOR_IPHONE_IPAD = NO;
				SWIFT_EMIT_LOC_STRINGS = YES;
				SWIFT_VERSION = 5.0;
				TARGETED_DEVICE_FAMILY = 1;
			};
			name = Release;
		};
/* End XCBuildConfiguration section */

/* Begin XCConfigurationList section */
		EBC625E329D31BFD00828166 /* Build configuration list for PBXProject "testChat" */ = {
			isa = XCConfigurationList;
			buildConfigurations = (
				EBC625FA29D31BFE00828166 /* Debug */,
				EBC625FB29D31BFE00828166 /* Release */,
			);
			defaultConfigurationIsVisible = 0;
			defaultConfigurationName = Release;
		};
		EBC625FC29D31BFE00828166 /* Build configuration list for PBXNativeTarget "testChat" */ = {
			isa = XCConfigurationList;
			buildConfigurations = (
				EBC625FD29D31BFE00828166 /* Debug */,
				EBC625FE29D31BFE00828166 /* Release */,
			);
			defaultConfigurationIsVisible = 0;
			defaultConfigurationName = Release;
		};
/* End XCConfigurationList section */
	};
	rootObject = EBC625E029D31BFD00828166 /* Project object */;
}
