// !$*UTF8*$!
{
	archiveVersion = 1;
	classes = {
	};
	objectVersion = 56;
	objects = {

/* Begin PBXBuildFile section */
		268CF5067DB685D0CDB16114 /* Pods_testChat.framework in Frameworks */ = {isa = PBXBuildFile; fileRef = 4587A4952E7FC3E2D14CE10E /* Pods_testChat.framework */; };
		EB9CB17829D4BCE90002596C /* RegistrationView.swift in Sources */ = {isa = PBXBuildFile; fileRef = EB9CB17729D4BCE90002596C /* RegistrationView.swift */; };
		EB9CB17C29D5EAF30002596C /* MainView.swift in Sources */ = {isa = PBXBuildFile; fileRef = EB9CB17B29D5EAF30002596C /* MainView.swift */; };
		EB9CB17E29D5EB1F0002596C /* ChatView.swift in Sources */ = {isa = PBXBuildFile; fileRef = EB9CB17D29D5EB1F0002596C /* ChatView.swift */; };
		EB9CB18029D5EB270002596C /* ProfileView.swift in Sources */ = {isa = PBXBuildFile; fileRef = EB9CB17F29D5EB270002596C /* ProfileView.swift */; };
		EB9CB18229D5F1B00002596C /* Enums.swift in Sources */ = {isa = PBXBuildFile; fileRef = EB9CB18129D5F1B00002596C /* Enums.swift */; };
		EB9CB18729D5FFF50002596C /* ProfileData.swift in Sources */ = {isa = PBXBuildFile; fileRef = EB9CB18629D5FFF50002596C /* ProfileData.swift */; };
		EBC47C6D29D4862E0022383F /* Functions.swift in Sources */ = {isa = PBXBuildFile; fileRef = EBC47C6C29D4862E0022383F /* Functions.swift */; };
		EBC6262629D324D200828166 /* testChatApp.swift in Sources */ = {isa = PBXBuildFile; fileRef = EBC6262529D324D200828166 /* testChatApp.swift */; };
		EBC6262829D324D200828166 /* AuthorizationView.swift in Sources */ = {isa = PBXBuildFile; fileRef = EBC6262729D324D200828166 /* AuthorizationView.swift */; };
		EBC6262A29D324D400828166 /* Assets.xcassets in Resources */ = {isa = PBXBuildFile; fileRef = EBC6262929D324D400828166 /* Assets.xcassets */; };
		EBC6262D29D324D400828166 /* Preview Assets.xcassets in Resources */ = {isa = PBXBuildFile; fileRef = EBC6262C29D324D400828166 /* Preview Assets.xcassets */; };
		EBE1ECB229D6481B00DAB0B0 /* Classes.swift in Sources */ = {isa = PBXBuildFile; fileRef = EBE1ECB129D6481B00DAB0B0 /* Classes.swift */; };
		EBE1ECB429D64A4400DAB0B0 /* Extensions.swift in Sources */ = {isa = PBXBuildFile; fileRef = EBE1ECB329D64A4400DAB0B0 /* Extensions.swift */; };
		EBE1ECB629D71D0C00DAB0B0 /* NetworkService.swift in Sources */ = {isa = PBXBuildFile; fileRef = EBE1ECB529D71D0C00DAB0B0 /* NetworkService.swift */; };
		EBE1ECBB29D720C100DAB0B0 /* Structures.swift in Sources */ = {isa = PBXBuildFile; fileRef = EBE1ECBA29D720C100DAB0B0 /* Structures.swift */; };
		EBE1ECBD29D720FA00DAB0B0 /* ChatDetailView.swift in Sources */ = {isa = PBXBuildFile; fileRef = EBE1ECBC29D720FA00DAB0B0 /* ChatDetailView.swift */; };
		EBE1ECBF29D7216600DAB0B0 /* ConfirmationCodeView.swift in Sources */ = {isa = PBXBuildFile; fileRef = EBE1ECBE29D7216600DAB0B0 /* ConfirmationCodeView.swift */; };
		EBE1ECC129D7273200DAB0B0 /* EditProfileView.swift in Sources */ = {isa = PBXBuildFile; fileRef = EBE1ECC029D7273200DAB0B0 /* EditProfileView.swift */; };
		EBE1ECC329D73F9400DAB0B0 /* UserUpdateRequest.swift in Sources */ = {isa = PBXBuildFile; fileRef = EBE1ECC229D73F9400DAB0B0 /* UserUpdateRequest.swift */; };
		EBFA3D7229D332EA00FD99A3 /* Roboto-Bold.ttf in Resources */ = {isa = PBXBuildFile; fileRef = EBFA3D6629D332EA00FD99A3 /* Roboto-Bold.ttf */; };
		EBFA3D7329D332EA00FD99A3 /* Roboto-Medium.ttf in Resources */ = {isa = PBXBuildFile; fileRef = EBFA3D6729D332EA00FD99A3 /* Roboto-Medium.ttf */; };
		EBFA3D7429D332EA00FD99A3 /* Roboto-MediumItalic.ttf in Resources */ = {isa = PBXBuildFile; fileRef = EBFA3D6829D332EA00FD99A3 /* Roboto-MediumItalic.ttf */; };
		EBFA3D7529D332EA00FD99A3 /* Roboto-Black.ttf in Resources */ = {isa = PBXBuildFile; fileRef = EBFA3D6929D332EA00FD99A3 /* Roboto-Black.ttf */; };
		EBFA3D7629D332EA00FD99A3 /* Roboto-BoldItalic.ttf in Resources */ = {isa = PBXBuildFile; fileRef = EBFA3D6A29D332EA00FD99A3 /* Roboto-BoldItalic.ttf */; };
		EBFA3D7729D332EA00FD99A3 /* Roboto-Regular.ttf in Resources */ = {isa = PBXBuildFile; fileRef = EBFA3D6B29D332EA00FD99A3 /* Roboto-Regular.ttf */; };
		EBFA3D7829D332EA00FD99A3 /* Roboto-Thin.ttf in Resources */ = {isa = PBXBuildFile; fileRef = EBFA3D6C29D332EA00FD99A3 /* Roboto-Thin.ttf */; };
		EBFA3D7929D332EA00FD99A3 /* Roboto-LightItalic.ttf in Resources */ = {isa = PBXBuildFile; fileRef = EBFA3D6D29D332EA00FD99A3 /* Roboto-LightItalic.ttf */; };
		EBFA3D7A29D332EA00FD99A3 /* Roboto-ThinItalic.ttf in Resources */ = {isa = PBXBuildFile; fileRef = EBFA3D6E29D332EA00FD99A3 /* Roboto-ThinItalic.ttf */; };
		EBFA3D7B29D332EA00FD99A3 /* Roboto-Light.ttf in Resources */ = {isa = PBXBuildFile; fileRef = EBFA3D6F29D332EA00FD99A3 /* Roboto-Light.ttf */; };
		EBFA3D7C29D332EA00FD99A3 /* Roboto-Italic.ttf in Resources */ = {isa = PBXBuildFile; fileRef = EBFA3D7029D332EA00FD99A3 /* Roboto-Italic.ttf */; };
		EBFA3D7D29D332EA00FD99A3 /* Roboto-BlackItalic.ttf in Resources */ = {isa = PBXBuildFile; fileRef = EBFA3D7129D332EA00FD99A3 /* Roboto-BlackItalic.ttf */; };
/* End PBXBuildFile section */

/* Begin PBXFileReference section */
		4587A4952E7FC3E2D14CE10E /* Pods_testChat.framework */ = {isa = PBXFileReference; explicitFileType = wrapper.framework; includeInIndex = 0; path = Pods_testChat.framework; sourceTree = BUILT_PRODUCTS_DIR; };
		470B656EF317C12F0385EC26 /* Pods-testChat.release.xcconfig */ = {isa = PBXFileReference; includeInIndex = 1; lastKnownFileType = text.xcconfig; name = "Pods-testChat.release.xcconfig"; path = "Target Support Files/Pods-testChat/Pods-testChat.release.xcconfig"; sourceTree = "<group>"; };
		E5F9B381F0724045E488B0B1 /* Pods-testChat.debug.xcconfig */ = {isa = PBXFileReference; includeInIndex = 1; lastKnownFileType = text.xcconfig; name = "Pods-testChat.debug.xcconfig"; path = "Target Support Files/Pods-testChat/Pods-testChat.debug.xcconfig"; sourceTree = "<group>"; };
		EB9CB17729D4BCE90002596C /* RegistrationView.swift */ = {isa = PBXFileReference; lastKnownFileType = sourcecode.swift; path = RegistrationView.swift; sourceTree = "<group>"; };
		EB9CB17B29D5EAF30002596C /* MainView.swift */ = {isa = PBXFileReference; lastKnownFileType = sourcecode.swift; path = MainView.swift; sourceTree = "<group>"; };
		EB9CB17D29D5EB1F0002596C /* ChatView.swift */ = {isa = PBXFileReference; lastKnownFileType = sourcecode.swift; path = ChatView.swift; sourceTree = "<group>"; };
		EB9CB17F29D5EB270002596C /* ProfileView.swift */ = {isa = PBXFileReference; lastKnownFileType = sourcecode.swift; path = ProfileView.swift; sourceTree = "<group>"; };
		EB9CB18129D5F1B00002596C /* Enums.swift */ = {isa = PBXFileReference; lastKnownFileType = sourcecode.swift; path = Enums.swift; sourceTree = "<group>"; };
		EB9CB18629D5FFF50002596C /* ProfileData.swift */ = {isa = PBXFileReference; lastKnownFileType = sourcecode.swift; path = ProfileData.swift; sourceTree = "<group>"; };
		EBC47C6C29D4862E0022383F /* Functions.swift */ = {isa = PBXFileReference; lastKnownFileType = sourcecode.swift; path = Functions.swift; sourceTree = "<group>"; };
		EBC6262229D324D200828166 /* testChat.app */ = {isa = PBXFileReference; explicitFileType = wrapper.application; includeInIndex = 0; path = testChat.app; sourceTree = BUILT_PRODUCTS_DIR; };
		EBC6262529D324D200828166 /* testChatApp.swift */ = {isa = PBXFileReference; lastKnownFileType = sourcecode.swift; path = testChatApp.swift; sourceTree = "<group>"; };
		EBC6262729D324D200828166 /* AuthorizationView.swift */ = {isa = PBXFileReference; lastKnownFileType = sourcecode.swift; path = AuthorizationView.swift; sourceTree = "<group>"; };
		EBC6262929D324D400828166 /* Assets.xcassets */ = {isa = PBXFileReference; lastKnownFileType = folder.assetcatalog; path = Assets.xcassets; sourceTree = "<group>"; };
		EBC6262C29D324D400828166 /* Preview Assets.xcassets */ = {isa = PBXFileReference; lastKnownFileType = folder.assetcatalog; path = "Preview Assets.xcassets"; sourceTree = "<group>"; };
		EBE1ECB129D6481B00DAB0B0 /* Classes.swift */ = {isa = PBXFileReference; lastKnownFileType = sourcecode.swift; path = Classes.swift; sourceTree = "<group>"; };
		EBE1ECB329D64A4400DAB0B0 /* Extensions.swift */ = {isa = PBXFileReference; lastKnownFileType = sourcecode.swift; path = Extensions.swift; sourceTree = "<group>"; };
		EBE1ECB529D71D0C00DAB0B0 /* NetworkService.swift */ = {isa = PBXFileReference; lastKnownFileType = sourcecode.swift; path = NetworkService.swift; sourceTree = "<group>"; };
		EBE1ECBA29D720C100DAB0B0 /* Structures.swift */ = {isa = PBXFileReference; lastKnownFileType = sourcecode.swift; path = Structures.swift; sourceTree = "<group>"; };
		EBE1ECBC29D720FA00DAB0B0 /* ChatDetailView.swift */ = {isa = PBXFileReference; lastKnownFileType = sourcecode.swift; path = ChatDetailView.swift; sourceTree = "<group>"; };
		EBE1ECBE29D7216600DAB0B0 /* ConfirmationCodeView.swift */ = {isa = PBXFileReference; lastKnownFileType = sourcecode.swift; path = ConfirmationCodeView.swift; sourceTree = "<group>"; };
		EBE1ECC029D7273200DAB0B0 /* EditProfileView.swift */ = {isa = PBXFileReference; lastKnownFileType = sourcecode.swift; path = EditProfileView.swift; sourceTree = "<group>"; };
		EBE1ECC229D73F9400DAB0B0 /* UserUpdateRequest.swift */ = {isa = PBXFileReference; lastKnownFileType = sourcecode.swift; path = UserUpdateRequest.swift; sourceTree = "<group>"; };
		EBFA3D6629D332EA00FD99A3 /* Roboto-Bold.ttf */ = {isa = PBXFileReference; lastKnownFileType = file; path = "Roboto-Bold.ttf"; sourceTree = "<group>"; };
		EBFA3D6729D332EA00FD99A3 /* Roboto-Medium.ttf */ = {isa = PBXFileReference; lastKnownFileType = file; path = "Roboto-Medium.ttf"; sourceTree = "<group>"; };
		EBFA3D6829D332EA00FD99A3 /* Roboto-MediumItalic.ttf */ = {isa = PBXFileReference; lastKnownFileType = file; path = "Roboto-MediumItalic.ttf"; sourceTree = "<group>"; };
		EBFA3D6929D332EA00FD99A3 /* Roboto-Black.ttf */ = {isa = PBXFileReference; lastKnownFileType = file; path = "Roboto-Black.ttf"; sourceTree = "<group>"; };
		EBFA3D6A29D332EA00FD99A3 /* Roboto-BoldItalic.ttf */ = {isa = PBXFileReference; lastKnownFileType = file; path = "Roboto-BoldItalic.ttf"; sourceTree = "<group>"; };
		EBFA3D6B29D332EA00FD99A3 /* Roboto-Regular.ttf */ = {isa = PBXFileReference; lastKnownFileType = file; path = "Roboto-Regular.ttf"; sourceTree = "<group>"; };
		EBFA3D6C29D332EA00FD99A3 /* Roboto-Thin.ttf */ = {isa = PBXFileReference; lastKnownFileType = file; path = "Roboto-Thin.ttf"; sourceTree = "<group>"; };
		EBFA3D6D29D332EA00FD99A3 /* Roboto-LightItalic.ttf */ = {isa = PBXFileReference; lastKnownFileType = file; path = "Roboto-LightItalic.ttf"; sourceTree = "<group>"; };
		EBFA3D6E29D332EA00FD99A3 /* Roboto-ThinItalic.ttf */ = {isa = PBXFileReference; lastKnownFileType = file; path = "Roboto-ThinItalic.ttf"; sourceTree = "<group>"; };
		EBFA3D6F29D332EA00FD99A3 /* Roboto-Light.ttf */ = {isa = PBXFileReference; lastKnownFileType = file; path = "Roboto-Light.ttf"; sourceTree = "<group>"; };
		EBFA3D7029D332EA00FD99A3 /* Roboto-Italic.ttf */ = {isa = PBXFileReference; lastKnownFileType = file; path = "Roboto-Italic.ttf"; sourceTree = "<group>"; };
		EBFA3D7129D332EA00FD99A3 /* Roboto-BlackItalic.ttf */ = {isa = PBXFileReference; lastKnownFileType = file; path = "Roboto-BlackItalic.ttf"; sourceTree = "<group>"; };
		EBFA3D7E29D3330E00FD99A3 /* Info.plist */ = {isa = PBXFileReference; lastKnownFileType = text.plist.xml; path = Info.plist; sourceTree = "<group>"; };
/* End PBXFileReference section */

/* Begin PBXFrameworksBuildPhase section */
		EBC6261F29D324D200828166 /* Frameworks */ = {
			isa = PBXFrameworksBuildPhase;
			buildActionMask = 2147483647;
			files = (
				268CF5067DB685D0CDB16114 /* Pods_testChat.framework in Frameworks */,
			);
			runOnlyForDeploymentPostprocessing = 0;
		};
/* End PBXFrameworksBuildPhase section */

/* Begin PBXGroup section */
		3A361A13BD91F67FAAAB3EDC /* Frameworks */ = {
			isa = PBXGroup;
			children = (
				4587A4952E7FC3E2D14CE10E /* Pods_testChat.framework */,
			);
			name = Frameworks;
			sourceTree = "<group>";
		};
		82407D1F41363CAA4C9516F4 /* Pods */ = {
			isa = PBXGroup;
			children = (
				E5F9B381F0724045E488B0B1 /* Pods-testChat.debug.xcconfig */,
				470B656EF317C12F0385EC26 /* Pods-testChat.release.xcconfig */,
			);
			path = Pods;
			sourceTree = "<group>";
		};
		EB36A57F29D3ADF700AA479E /* Views */ = {
			isa = PBXGroup;
			children = (
				EBC6262729D324D200828166 /* AuthorizationView.swift */,
				EB9CB17729D4BCE90002596C /* RegistrationView.swift */,
				EB9CB17B29D5EAF30002596C /* MainView.swift */,
				EB9CB17D29D5EB1F0002596C /* ChatView.swift */,
				EB9CB17F29D5EB270002596C /* ProfileView.swift */,
				EBE1ECBC29D720FA00DAB0B0 /* ChatDetailView.swift */,
				EBE1ECBE29D7216600DAB0B0 /* ConfirmationCodeView.swift */,
				EBE1ECC029D7273200DAB0B0 /* EditProfileView.swift */,
			);
			path = Views;
			sourceTree = "<group>";
		};
		EB36A58029D3AE0400AA479E /* Application */ = {
			isa = PBXGroup;
			children = (
				EBC6262529D324D200828166 /* testChatApp.swift */,
			);
			path = Application;
			sourceTree = "<group>";
		};
		EB36A58129D3AE0F00AA479E /* Networking */ = {
			isa = PBXGroup;
			children = (
			);
			path = Networking;
			sourceTree = "<group>";
		};
		EBC47C6B29D486270022383F /* Helpers */ = {
			isa = PBXGroup;
			children = (
				EBC47C6C29D4862E0022383F /* Functions.swift */,
				EB9CB18129D5F1B00002596C /* Enums.swift */,
				EB9CB18629D5FFF50002596C /* ProfileData.swift */,
				EBE1ECB129D6481B00DAB0B0 /* Classes.swift */,
				EBE1ECB329D64A4400DAB0B0 /* Extensions.swift */,
				EBE1ECB529D71D0C00DAB0B0 /* NetworkService.swift */,
				EBE1ECBA29D720C100DAB0B0 /* Structures.swift */,
				EBE1ECC229D73F9400DAB0B0 /* UserUpdateRequest.swift */,
			);
			path = Helpers;
			sourceTree = "<group>";
		};
		EBC6261929D324D200828166 = {
			isa = PBXGroup;
			children = (
				EBC6262429D324D200828166 /* testChat */,
				EBC6262329D324D200828166 /* Products */,
				82407D1F41363CAA4C9516F4 /* Pods */,
				3A361A13BD91F67FAAAB3EDC /* Frameworks */,
			);
			sourceTree = "<group>";
		};
		EBC6262329D324D200828166 /* Products */ = {
			isa = PBXGroup;
			children = (
				EBC6262229D324D200828166 /* testChat.app */,
			);
			name = Products;
			sourceTree = "<group>";
		};
		EBC6262429D324D200828166 /* testChat */ = {
			isa = PBXGroup;
			children = (
				EBC47C6B29D486270022383F /* Helpers */,
				EB36A58129D3AE0F00AA479E /* Networking */,
				EB36A58029D3AE0400AA479E /* Application */,
				EB36A57F29D3ADF700AA479E /* Views */,
				EBFA3D6429D332B200FD99A3 /* Resources */,
			);
			path = testChat;
			sourceTree = "<group>";
		};
		EBC6262B29D324D400828166 /* Preview Content */ = {
			isa = PBXGroup;
			children = (
				EBC6262C29D324D400828166 /* Preview Assets.xcassets */,
			);
			path = "Preview Content";
			sourceTree = "<group>";
		};
		EBFA3D6429D332B200FD99A3 /* Resources */ = {
			isa = PBXGroup;
			children = (
				EBC6262B29D324D400828166 /* Preview Content */,
				EBFA3D6529D332C100FD99A3 /* Fonts */,
				EBFA3D7E29D3330E00FD99A3 /* Info.plist */,
				EBC6262929D324D400828166 /* Assets.xcassets */,
			);
			path = Resources;
			sourceTree = "<group>";
		};
		EBFA3D6529D332C100FD99A3 /* Fonts */ = {
			isa = PBXGroup;
			children = (
				EBFA3D6929D332EA00FD99A3 /* Roboto-Black.ttf */,
				EBFA3D7129D332EA00FD99A3 /* Roboto-BlackItalic.ttf */,
				EBFA3D6629D332EA00FD99A3 /* Roboto-Bold.ttf */,
				EBFA3D6A29D332EA00FD99A3 /* Roboto-BoldItalic.ttf */,
				EBFA3D7029D332EA00FD99A3 /* Roboto-Italic.ttf */,
				EBFA3D6F29D332EA00FD99A3 /* Roboto-Light.ttf */,
				EBFA3D6D29D332EA00FD99A3 /* Roboto-LightItalic.ttf */,
				EBFA3D6729D332EA00FD99A3 /* Roboto-Medium.ttf */,
				EBFA3D6829D332EA00FD99A3 /* Roboto-MediumItalic.ttf */,
				EBFA3D6B29D332EA00FD99A3 /* Roboto-Regular.ttf */,
				EBFA3D6C29D332EA00FD99A3 /* Roboto-Thin.ttf */,
				EBFA3D6E29D332EA00FD99A3 /* Roboto-ThinItalic.ttf */,
			);
			path = Fonts;
			sourceTree = "<group>";
		};
/* End PBXGroup section */

/* Begin PBXNativeTarget section */
		EBC6262129D324D200828166 /* testChat */ = {
			isa = PBXNativeTarget;
			buildConfigurationList = EBC6263029D324D400828166 /* Build configuration list for PBXNativeTarget "testChat" */;
			buildPhases = (
				31F576DA73AE36139B8D4B52 /* [CP] Check Pods Manifest.lock */,
				EBC6261E29D324D200828166 /* Sources */,
				EBC6261F29D324D200828166 /* Frameworks */,
				EBC6262029D324D200828166 /* Resources */,
				63904E628DD2D7640D836820 /* [CP] Embed Pods Frameworks */,
			);
			buildRules = (
			);
			dependencies = (
			);
			name = testChat;
			productName = testChat;
			productReference = EBC6262229D324D200828166 /* testChat.app */;
			productType = "com.apple.product-type.application";
		};
/* End PBXNativeTarget section */

/* Begin PBXProject section */
		EBC6261A29D324D200828166 /* Project object */ = {
			isa = PBXProject;
			attributes = {
				BuildIndependentTargetsInParallel = 1;
				LastSwiftUpdateCheck = 1420;
				LastUpgradeCheck = 1420;
				TargetAttributes = {
					EBC6262129D324D200828166 = {
						CreatedOnToolsVersion = 14.2;
					};
				};
			};
			buildConfigurationList = EBC6261D29D324D200828166 /* Build configuration list for PBXProject "testChat" */;
			compatibilityVersion = "Xcode 14.0";
			developmentRegion = en;
			hasScannedForEncodings = 0;
			knownRegions = (
				en,
				Base,
			);
			mainGroup = EBC6261929D324D200828166;
			productRefGroup = EBC6262329D324D200828166 /* Products */;
			projectDirPath = "";
			projectRoot = "";
			targets = (
				EBC6262129D324D200828166 /* testChat */,
			);
		};
/* End PBXProject section */

/* Begin PBXResourcesBuildPhase section */
		EBC6262029D324D200828166 /* Resources */ = {
			isa = PBXResourcesBuildPhase;
			buildActionMask = 2147483647;
			files = (
				EBFA3D7329D332EA00FD99A3 /* Roboto-Medium.ttf in Resources */,
				EBFA3D7429D332EA00FD99A3 /* Roboto-MediumItalic.ttf in Resources */,
				EBFA3D7B29D332EA00FD99A3 /* Roboto-Light.ttf in Resources */,
				EBFA3D7D29D332EA00FD99A3 /* Roboto-BlackItalic.ttf in Resources */,
				EBFA3D7929D332EA00FD99A3 /* Roboto-LightItalic.ttf in Resources */,
				EBFA3D7A29D332EA00FD99A3 /* Roboto-ThinItalic.ttf in Resources */,
				EBFA3D7C29D332EA00FD99A3 /* Roboto-Italic.ttf in Resources */,
				EBFA3D7729D332EA00FD99A3 /* Roboto-Regular.ttf in Resources */,
				EBC6262D29D324D400828166 /* Preview Assets.xcassets in Resources */,
				EBC6262A29D324D400828166 /* Assets.xcassets in Resources */,
				EBFA3D7229D332EA00FD99A3 /* Roboto-Bold.ttf in Resources */,
				EBFA3D7629D332EA00FD99A3 /* Roboto-BoldItalic.ttf in Resources */,
				EBFA3D7529D332EA00FD99A3 /* Roboto-Black.ttf in Resources */,
				EBFA3D7829D332EA00FD99A3 /* Roboto-Thin.ttf in Resources */,
			);
			runOnlyForDeploymentPostprocessing = 0;
		};
/* End PBXResourcesBuildPhase section */

/* Begin PBXShellScriptBuildPhase section */
		31F576DA73AE36139B8D4B52 /* [CP] Check Pods Manifest.lock */ = {
			isa = PBXShellScriptBuildPhase;
			buildActionMask = 2147483647;
			files = (
			);
			inputFileListPaths = (
			);
			inputPaths = (
				"${PODS_PODFILE_DIR_PATH}/Podfile.lock",
				"${PODS_ROOT}/Manifest.lock",
			);
			name = "[CP] Check Pods Manifest.lock";
			outputFileListPaths = (
			);
			outputPaths = (
				"$(DERIVED_FILE_DIR)/Pods-testChat-checkManifestLockResult.txt",
			);
			runOnlyForDeploymentPostprocessing = 0;
			shellPath = /bin/sh;
			shellScript = "diff \"${PODS_PODFILE_DIR_PATH}/Podfile.lock\" \"${PODS_ROOT}/Manifest.lock\" > /dev/null\nif [ $? != 0 ] ; then\n    # print error to STDERR\n    echo \"error: The sandbox is not in sync with the Podfile.lock. Run 'pod install' or update your CocoaPods installation.\" >&2\n    exit 1\nfi\n# This output is used by Xcode 'outputs' to avoid re-running this script phase.\necho \"SUCCESS\" > \"${SCRIPT_OUTPUT_FILE_0}\"\n";
			showEnvVarsInLog = 0;
		};
		63904E628DD2D7640D836820 /* [CP] Embed Pods Frameworks */ = {
			isa = PBXShellScriptBuildPhase;
			buildActionMask = 2147483647;
			files = (
			);
			inputFileListPaths = (
				"${PODS_ROOT}/Target Support Files/Pods-testChat/Pods-testChat-frameworks-${CONFIGURATION}-input-files.xcfilelist",
			);
			name = "[CP] Embed Pods Frameworks";
			outputFileListPaths = (
				"${PODS_ROOT}/Target Support Files/Pods-testChat/Pods-testChat-frameworks-${CONFIGURATION}-output-files.xcfilelist",
			);
			runOnlyForDeploymentPostprocessing = 0;
			shellPath = /bin/sh;
			shellScript = "\"${PODS_ROOT}/Target Support Files/Pods-testChat/Pods-testChat-frameworks.sh\"\n";
			showEnvVarsInLog = 0;
		};
/* End PBXShellScriptBuildPhase section */

/* Begin PBXSourcesBuildPhase section */
		EBC6261E29D324D200828166 /* Sources */ = {
			isa = PBXSourcesBuildPhase;
			buildActionMask = 2147483647;
			files = (
				EB9CB17829D4BCE90002596C /* RegistrationView.swift in Sources */,
				EBC6262829D324D200828166 /* AuthorizationView.swift in Sources */,
				EBE1ECC129D7273200DAB0B0 /* EditProfileView.swift in Sources */,
				EBE1ECBF29D7216600DAB0B0 /* ConfirmationCodeView.swift in Sources */,
				EBE1ECBB29D720C100DAB0B0 /* Structures.swift in Sources */,
				EBC47C6D29D4862E0022383F /* Functions.swift in Sources */,
				EB9CB18729D5FFF50002596C /* ProfileData.swift in Sources */,
				EB9CB17C29D5EAF30002596C /* MainView.swift in Sources */,
				EBE1ECC329D73F9400DAB0B0 /* UserUpdateRequest.swift in Sources */,
				EB9CB17E29D5EB1F0002596C /* ChatView.swift in Sources */,
				EBE1ECB429D64A4400DAB0B0 /* Extensions.swift in Sources */,
				EBE1ECB229D6481B00DAB0B0 /* Classes.swift in Sources */,
				EBE1ECBD29D720FA00DAB0B0 /* ChatDetailView.swift in Sources */,
				EB9CB18029D5EB270002596C /* ProfileView.swift in Sources */,
				EB9CB18229D5F1B00002596C /* Enums.swift in Sources */,
				EBE1ECB629D71D0C00DAB0B0 /* NetworkService.swift in Sources */,
				EBC6262629D324D200828166 /* testChatApp.swift in Sources */,
			);
			runOnlyForDeploymentPostprocessing = 0;
		};
/* End PBXSourcesBuildPhase section */

/* Begin XCBuildConfiguration section */
		EBC6262E29D324D400828166 /* Debug */ = {
			isa = XCBuildConfiguration;
			buildSettings = {
				ALWAYS_SEARCH_USER_PATHS = NO;
				CLANG_ANALYZER_NONNULL = YES;
				CLANG_ANALYZER_NUMBER_OBJECT_CONVERSION = YES_AGGRESSIVE;
				CLANG_CXX_LANGUAGE_STANDARD = "gnu++20";
				CLANG_ENABLE_MODULES = YES;
				CLANG_ENABLE_OBJC_ARC = YES;
				CLANG_ENABLE_OBJC_WEAK = YES;
				CLANG_WARN_BLOCK_CAPTURE_AUTORELEASING = YES;
				CLANG_WARN_BOOL_CONVERSION = YES;
				CLANG_WARN_COMMA = YES;
				CLANG_WARN_CONSTANT_CONVERSION = YES;
				CLANG_WARN_DEPRECATED_OBJC_IMPLEMENTATIONS = YES;
				CLANG_WARN_DIRECT_OBJC_ISA_USAGE = YES_ERROR;
				CLANG_WARN_DOCUMENTATION_COMMENTS = YES;
				CLANG_WARN_EMPTY_BODY = YES;
				CLANG_WARN_ENUM_CONVERSION = YES;
				CLANG_WARN_INFINITE_RECURSION = YES;
				CLANG_WARN_INT_CONVERSION = YES;
				CLANG_WARN_NON_LITERAL_NULL_CONVERSION = YES;
				CLANG_WARN_OBJC_IMPLICIT_RETAIN_SELF = YES;
				CLANG_WARN_OBJC_LITERAL_CONVERSION = YES;
				CLANG_WARN_OBJC_ROOT_CLASS = YES_ERROR;
				CLANG_WARN_QUOTED_INCLUDE_IN_FRAMEWORK_HEADER = YES;
				CLANG_WARN_RANGE_LOOP_ANALYSIS = YES;
				CLANG_WARN_STRICT_PROTOTYPES = YES;
				CLANG_WARN_SUSPICIOUS_MOVE = YES;
				CLANG_WARN_UNGUARDED_AVAILABILITY = YES_AGGRESSIVE;
				CLANG_WARN_UNREACHABLE_CODE = YES;
				CLANG_WARN__DUPLICATE_METHOD_MATCH = YES;
				COPY_PHASE_STRIP = NO;
				DEBUG_INFORMATION_FORMAT = dwarf;
				ENABLE_STRICT_OBJC_MSGSEND = YES;
				ENABLE_TESTABILITY = YES;
				GCC_C_LANGUAGE_STANDARD = gnu11;
				GCC_DYNAMIC_NO_PIC = NO;
				GCC_NO_COMMON_BLOCKS = YES;
				GCC_OPTIMIZATION_LEVEL = 0;
				GCC_PREPROCESSOR_DEFINITIONS = (
					"DEBUG=1",
					"$(inherited)",
				);
				GCC_WARN_64_TO_32_BIT_CONVERSION = YES;
				GCC_WARN_ABOUT_RETURN_TYPE = YES_ERROR;
				GCC_WARN_UNDECLARED_SELECTOR = YES;
				GCC_WARN_UNINITIALIZED_AUTOS = YES_AGGRESSIVE;
				GCC_WARN_UNUSED_FUNCTION = YES;
				GCC_WARN_UNUSED_VARIABLE = YES;
				IPHONEOS_DEPLOYMENT_TARGET = 14.0;
				MTL_ENABLE_DEBUG_INFO = INCLUDE_SOURCE;
				MTL_FAST_MATH = YES;
				ONLY_ACTIVE_ARCH = YES;
				SDKROOT = iphoneos;
				SWIFT_ACTIVE_COMPILATION_CONDITIONS = DEBUG;
				SWIFT_OPTIMIZATION_LEVEL = "-Onone";
			};
			name = Debug;
		};
		EBC6262F29D324D400828166 /* Release */ = {
			isa = XCBuildConfiguration;
			buildSettings = {
				ALWAYS_SEARCH_USER_PATHS = NO;
				CLANG_ANALYZER_NONNULL = YES;
				CLANG_ANALYZER_NUMBER_OBJECT_CONVERSION = YES_AGGRESSIVE;
				CLANG_CXX_LANGUAGE_STANDARD = "gnu++20";
				CLANG_ENABLE_MODULES = YES;
				CLANG_ENABLE_OBJC_ARC = YES;
				CLANG_ENABLE_OBJC_WEAK = YES;
				CLANG_WARN_BLOCK_CAPTURE_AUTORELEASING = YES;
				CLANG_WARN_BOOL_CONVERSION = YES;
				CLANG_WARN_COMMA = YES;
				CLANG_WARN_CONSTANT_CONVERSION = YES;
				CLANG_WARN_DEPRECATED_OBJC_IMPLEMENTATIONS = YES;
				CLANG_WARN_DIRECT_OBJC_ISA_USAGE = YES_ERROR;
				CLANG_WARN_DOCUMENTATION_COMMENTS = YES;
				CLANG_WARN_EMPTY_BODY = YES;
				CLANG_WARN_ENUM_CONVERSION = YES;
				CLANG_WARN_INFINITE_RECURSION = YES;
				CLANG_WARN_INT_CONVERSION = YES;
				CLANG_WARN_NON_LITERAL_NULL_CONVERSION = YES;
				CLANG_WARN_OBJC_IMPLICIT_RETAIN_SELF = YES;
				CLANG_WARN_OBJC_LITERAL_CONVERSION = YES;
				CLANG_WARN_OBJC_ROOT_CLASS = YES_ERROR;
				CLANG_WARN_QUOTED_INCLUDE_IN_FRAMEWORK_HEADER = YES;
				CLANG_WARN_RANGE_LOOP_ANALYSIS = YES;
				CLANG_WARN_STRICT_PROTOTYPES = YES;
				CLANG_WARN_SUSPICIOUS_MOVE = YES;
				CLANG_WARN_UNGUARDED_AVAILABILITY = YES_AGGRESSIVE;
				CLANG_WARN_UNREACHABLE_CODE = YES;
				CLANG_WARN__DUPLICATE_METHOD_MATCH = YES;
				COPY_PHASE_STRIP = NO;
				DEBUG_INFORMATION_FORMAT = "dwarf-with-dsym";
				ENABLE_NS_ASSERTIONS = NO;
				ENABLE_STRICT_OBJC_MSGSEND = YES;
				GCC_C_LANGUAGE_STANDARD = gnu11;
				GCC_NO_COMMON_BLOCKS = YES;
				GCC_WARN_64_TO_32_BIT_CONVERSION = YES;
				GCC_WARN_ABOUT_RETURN_TYPE = YES_ERROR;
				GCC_WARN_UNDECLARED_SELECTOR = YES;
				GCC_WARN_UNINITIALIZED_AUTOS = YES_AGGRESSIVE;
				GCC_WARN_UNUSED_FUNCTION = YES;
				GCC_WARN_UNUSED_VARIABLE = YES;
				IPHONEOS_DEPLOYMENT_TARGET = 14.0;
				MTL_ENABLE_DEBUG_INFO = NO;
				MTL_FAST_MATH = YES;
				SDKROOT = iphoneos;
				SWIFT_COMPILATION_MODE = wholemodule;
				SWIFT_OPTIMIZATION_LEVEL = "-O";
				VALIDATE_PRODUCT = YES;
			};
			name = Release;
		};
		EBC6263129D324D400828166 /* Debug */ = {
			isa = XCBuildConfiguration;
			baseConfigurationReference = E5F9B381F0724045E488B0B1 /* Pods-testChat.debug.xcconfig */;
			buildSettings = {
				ASSETCATALOG_COMPILER_APPICON_NAME = AppIcon;
				ASSETCATALOG_COMPILER_GLOBAL_ACCENT_COLOR_NAME = AccentColor;
				CODE_SIGN_STYLE = Automatic;
				CURRENT_PROJECT_VERSION = 1;
				DEVELOPMENT_ASSET_PATHS = "\"testChat/Resources/Preview Content\"";
				DEVELOPMENT_TEAM = N64BNPUBV4;
				ENABLE_PREVIEWS = YES;
				GENERATE_INFOPLIST_FILE = YES;
				INFOPLIST_FILE = testChat/Resources/Info.plist;
				INFOPLIST_KEY_UIApplicationSceneManifest_Generation = YES;
				INFOPLIST_KEY_UIApplicationSupportsIndirectInputEvents = YES;
				INFOPLIST_KEY_UILaunchScreen_Generation = YES;
				INFOPLIST_KEY_UISupportedInterfaceOrientations = UIInterfaceOrientationPortrait;
				INFOPLIST_KEY_UISupportedInterfaceOrientations_iPad = "UIInterfaceOrientationLandscapeLeft UIInterfaceOrientationLandscapeRight UIInterfaceOrientationPortrait UIInterfaceOrientationPortraitUpsideDown";
				LD_RUNPATH_SEARCH_PATHS = (
					"$(inherited)",
					"@executable_path/Frameworks",
				);
				MARKETING_VERSION = 1.0;
				PRODUCT_BUNDLE_IDENTIFIER = novex.testChat;
				PRODUCT_NAME = "$(TARGET_NAME)";
				SUPPORTED_PLATFORMS = "iphoneos iphonesimulator";
				SUPPORTS_MACCATALYST = NO;
				SUPPORTS_MAC_DESIGNED_FOR_IPHONE_IPAD = NO;
				SWIFT_EMIT_LOC_STRINGS = YES;
				SWIFT_VERSION = 5.0;
				TARGETED_DEVICE_FAMILY = 1;
			};
			name = Debug;
		};
		EBC6263229D324D400828166 /* Release */ = {
			isa = XCBuildConfiguration;
			baseConfigurationReference = 470B656EF317C12F0385EC26 /* Pods-testChat.release.xcconfig */;
			buildSettings = {
				ASSETCATALOG_COMPILER_APPICON_NAME = AppIcon;
				ASSETCATALOG_COMPILER_GLOBAL_ACCENT_COLOR_NAME = AccentColor;
				CODE_SIGN_STYLE = Automatic;
				CURRENT_PROJECT_VERSION = 1;
				DEVELOPMENT_ASSET_PATHS = "\"testChat/Resources/Preview Content\"";
				DEVELOPMENT_TEAM = N64BNPUBV4;
				ENABLE_PREVIEWS = YES;
				GENERATE_INFOPLIST_FILE = YES;
				INFOPLIST_FILE = testChat/Resources/Info.plist;
				INFOPLIST_KEY_UIApplicationSceneManifest_Generation = YES;
				INFOPLIST_KEY_UIApplicationSupportsIndirectInputEvents = YES;
				INFOPLIST_KEY_UILaunchScreen_Generation = YES;
				INFOPLIST_KEY_UISupportedInterfaceOrientations = UIInterfaceOrientationPortrait;
				INFOPLIST_KEY_UISupportedInterfaceOrientations_iPad = "UIInterfaceOrientationLandscapeLeft UIInterfaceOrientationLandscapeRight UIInterfaceOrientationPortrait UIInterfaceOrientationPortraitUpsideDown";
				LD_RUNPATH_SEARCH_PATHS = (
					"$(inherited)",
					"@executable_path/Frameworks",
				);
				MARKETING_VERSION = 1.0;
				PRODUCT_BUNDLE_IDENTIFIER = novex.testChat;
				PRODUCT_NAME = "$(TARGET_NAME)";
				SUPPORTED_PLATFORMS = "iphoneos iphonesimulator";
				SUPPORTS_MACCATALYST = NO;
				SUPPORTS_MAC_DESIGNED_FOR_IPHONE_IPAD = NO;
				SWIFT_EMIT_LOC_STRINGS = YES;
				SWIFT_VERSION = 5.0;
				TARGETED_DEVICE_FAMILY = 1;
			};
			name = Release;
		};
/* End XCBuildConfiguration section */

/* Begin XCConfigurationList section */
		EBC6261D29D324D200828166 /* Build configuration list for PBXProject "testChat" */ = {
			isa = XCConfigurationList;
			buildConfigurations = (
				EBC6262E29D324D400828166 /* Debug */,
				EBC6262F29D324D400828166 /* Release */,
			);
			defaultConfigurationIsVisible = 0;
			defaultConfigurationName = Release;
		};
		EBC6263029D324D400828166 /* Build configuration list for PBXNativeTarget "testChat" */ = {
			isa = XCConfigurationList;
			buildConfigurations = (
				EBC6263129D324D400828166 /* Debug */,
				EBC6263229D324D400828166 /* Release */,
			);
			defaultConfigurationIsVisible = 0;
			defaultConfigurationName = Release;
		};
/* End XCConfigurationList section */
	};
	rootObject = EBC6261A29D324D200828166 /* Project object */;
}
